
Microsoft Visual Studio Solution File, Format Version 12.00
# Visual Studio Version 17
VisualStudioVersion = 17.0.31903.59
MinimumVisualStudioVersion = 10.0.40219.1
Project("{2150E333-8FDC-42A3-9474-1A3956D46DE8}") = "source", "source", "{BA0E17D2-C58D-48A1-B35A-F04A5B32019C}"
EndProject
Project("{2150E333-8FDC-42A3-9474-1A3956D46DE8}") = "tests", "tests", "{C21042D4-5153-4128-A55D-ECF05F1CF44A}"
EndProject
Project("{9A19103F-16F7-4668-BE54-9A1E7A4F7556}") = "CinemaTicketBooking.Domain", "CinemaTicketBooking.Domain\CinemaTicketBooking.Domain.csproj", "{422A1D90-1A07-49E9-B96E-C18562C8D9FC}"
EndProject
Project("{9A19103F-16F7-4668-BE54-9A1E7A4F7556}") = "CinemaTicketBooking.Application", "CinemaTicketBooking.Application\CinemaTicketBooking.Application.csproj", "{60C7FF29-FB70-4473-BBAF-458A509158B1}"
EndProject
Project("{9A19103F-16F7-4668-BE54-9A1E7A4F7556}") = "CinemaTicketBooking.Web", "CinemaTicketBooking.Web\CinemaTicketBooking.Web.csproj", "{DDAE1B74-5E45-4FD3-AA1E-73A86EDCEDD7}"
EndProject
Project("{9A19103F-16F7-4668-BE54-9A1E7A4F7556}") = "CinemaTicketBooking.Infrastructure", "CinemaTicketBooking.Infrastructure\CinemaTicketBooking.Infrastructure.csproj", "{F90D24F9-0CBE-42B8-BCF1-4BB9E92947F7}"
EndProject
Project("{FAE04EC0-301F-11D3-BF4B-00C04F79EFBC}") = "CinemaTicketBooking.IntegrationTests", "CinemaTicketBooking.IntegrationTests\CinemaTicketBooking.IntegrationTests.csproj", "{67195D8D-884F-4EB3-8BB9-524F3011E6D1}"
EndProject
Project("{FAE04EC0-301F-11D3-BF4B-00C04F79EFBC}") = "CinemaTicketBooking.Application.UnitTests", "CinemaTicketBooking.Application.UnitTests\CinemaTicketBooking.Application.UnitTests.csproj", "{ACFF1A46-3F8E-4540-93DC-086607E81CD6}"
EndProject
Project("{FAE04EC0-301F-11D3-BF4B-00C04F79EFBC}") = "CinemaTicketBooking.Utilities", "CinemaTicketBooking.Utilities\CinemaTicketBooking.Utilities.csproj", "{FF8B4EE3-2A11-4CF6-94BC-B8161B80D421}"
EndProject
Global
	GlobalSection(SolutionConfigurationPlatforms) = preSolution
		Debug|Any CPU = Debug|Any CPU
		Release|Any CPU = Release|Any CPU
	EndGlobalSection
	GlobalSection(ProjectConfigurationPlatforms) = postSolution
		{422A1D90-1A07-49E9-B96E-C18562C8D9FC}.Debug|Any CPU.ActiveCfg = Debug|Any CPU
		{422A1D90-1A07-49E9-B96E-C18562C8D9FC}.Debug|Any CPU.Build.0 = Debug|Any CPU
		{422A1D90-1A07-49E9-B96E-C18562C8D9FC}.Release|Any CPU.ActiveCfg = Release|Any CPU
		{422A1D90-1A07-49E9-B96E-C18562C8D9FC}.Release|Any CPU.Build.0 = Release|Any CPU
		{60C7FF29-FB70-4473-BBAF-458A509158B1}.Debug|Any CPU.ActiveCfg = Debug|Any CPU
		{60C7FF29-FB70-4473-BBAF-458A509158B1}.Debug|Any CPU.Build.0 = Debug|Any CPU
		{60C7FF29-FB70-4473-BBAF-458A509158B1}.Release|Any CPU.ActiveCfg = Release|Any CPU
		{60C7FF29-FB70-4473-BBAF-458A509158B1}.Release|Any CPU.Build.0 = Release|Any CPU
		{DDAE1B74-5E45-4FD3-AA1E-73A86EDCEDD7}.Debug|Any CPU.ActiveCfg = Debug|Any CPU
		{DDAE1B74-5E45-4FD3-AA1E-73A86EDCEDD7}.Debug|Any CPU.Build.0 = Debug|Any CPU
		{DDAE1B74-5E45-4FD3-AA1E-73A86EDCEDD7}.Release|Any CPU.ActiveCfg = Release|Any CPU
		{DDAE1B74-5E45-4FD3-AA1E-73A86EDCEDD7}.Release|Any CPU.Build.0 = Release|Any CPU
		{F90D24F9-0CBE-42B8-BCF1-4BB9E92947F7}.Debug|Any CPU.ActiveCfg = Debug|Any CPU
		{F90D24F9-0CBE-42B8-BCF1-4BB9E92947F7}.Debug|Any CPU.Build.0 = Debug|Any CPU
		{F90D24F9-0CBE-42B8-BCF1-4BB9E92947F7}.Release|Any CPU.ActiveCfg = Release|Any CPU
		{F90D24F9-0CBE-42B8-BCF1-4BB9E92947F7}.Release|Any CPU.Build.0 = Release|Any CPU
		{67195D8D-884F-4EB3-8BB9-524F3011E6D1}.Debug|Any CPU.ActiveCfg = Debug|Any CPU
		{67195D8D-884F-4EB3-8BB9-524F3011E6D1}.Debug|Any CPU.Build.0 = Debug|Any CPU
		{67195D8D-884F-4EB3-8BB9-524F3011E6D1}.Release|Any CPU.ActiveCfg = Release|Any CPU
		{67195D8D-884F-4EB3-8BB9-524F3011E6D1}.Release|Any CPU.Build.0 = Release|Any CPU
		{ACFF1A46-3F8E-4540-93DC-086607E81CD6}.Debug|Any CPU.ActiveCfg = Debug|Any CPU
		{ACFF1A46-3F8E-4540-93DC-086607E81CD6}.Debug|Any CPU.Build.0 = Debug|Any CPU
		{ACFF1A46-3F8E-4540-93DC-086607E81CD6}.Release|Any CPU.ActiveCfg = Release|Any CPU
		{ACFF1A46-3F8E-4540-93DC-086607E81CD6}.Release|Any CPU.Build.0 = Release|Any CPU
		{FF8B4EE3-2A11-4CF6-94BC-B8161B80D421}.Debug|Any CPU.ActiveCfg = Debug|Any CPU
		{FF8B4EE3-2A11-4CF6-94BC-B8161B80D421}.Debug|Any CPU.Build.0 = Debug|Any CPU
		{FF8B4EE3-2A11-4CF6-94BC-B8161B80D421}.Release|Any CPU.ActiveCfg = Release|Any CPU
		{FF8B4EE3-2A11-4CF6-94BC-B8161B80D421}.Release|Any CPU.Build.0 = Release|Any CPU
	EndGlobalSection
	GlobalSection(SolutionProperties) = preSolution
		HideSolutionNode = FALSE
	EndGlobalSection
	GlobalSection(NestedProjects) = preSolution
		{422A1D90-1A07-49E9-B96E-C18562C8D9FC} = {BA0E17D2-C58D-48A1-B35A-F04A5B32019C}
		{60C7FF29-FB70-4473-BBAF-458A509158B1} = {BA0E17D2-C58D-48A1-B35A-F04A5B32019C}
		{DDAE1B74-5E45-4FD3-AA1E-73A86EDCEDD7} = {BA0E17D2-C58D-48A1-B35A-F04A5B32019C}
		{F90D24F9-0CBE-42B8-BCF1-4BB9E92947F7} = {BA0E17D2-C58D-48A1-B35A-F04A5B32019C}
		{67195D8D-884F-4EB3-8BB9-524F3011E6D1} = {C21042D4-5153-4128-A55D-ECF05F1CF44A}
		{ACFF1A46-3F8E-4540-93DC-086607E81CD6} = {C21042D4-5153-4128-A55D-ECF05F1CF44A}
		{FF8B4EE3-2A11-4CF6-94BC-B8161B80D421} = {BA0E17D2-C58D-48A1-B35A-F04A5B32019C}
	EndGlobalSection
	GlobalSection(ExtensibilityGlobals) = postSolution
		SolutionGuid = {63092DAA-BF10-455F-A730-8980FA300A4E}
	EndGlobalSection
EndGlobal
